
Microsoft Visual Studio Solution File, Format Version 12.00
# Visual Studio 15
VisualStudioVersion = 15.0.27703.2026
MinimumVisualStudioVersion = 10.0.40219.1
Project("{FAE04EC0-301F-11D3-BF4B-00C04F79EFBC}") = "Students.Android", "Students\Students.Android\Students.Android.csproj", "{4C4C2DD8-4247-4ABD-91E4-47E276F46303}"
EndProject
Project("{FAE04EC0-301F-11D3-BF4B-00C04F79EFBC}") = "Students.iOS", "Students\Students.iOS\Students.iOS.csproj", "{79AACF8E-8F08-484B-A72F-B7B9F897434D}"
EndProject
Project("{FAE04EC0-301F-11D3-BF4B-00C04F79EFBC}") = "Students", "Students\Students\Students.csproj", "{79BF6C3D-A279-4297-9AF7-998750229A6E}"
EndProject
Project("{FAE04EC0-301F-11D3-BF4B-00C04F79EFBC}") = "Students.API", "Students.API\Students.API.csproj", "{6333DFD5-C3FA-47B7-9557-C37B418458EF}"
EndProject
Global
	GlobalSection(SolutionConfigurationPlatforms) = preSolution
		Ad-Hoc|Any CPU = Ad-Hoc|Any CPU
		Ad-Hoc|iPhone = Ad-Hoc|iPhone
		Ad-Hoc|iPhoneSimulator = Ad-Hoc|iPhoneSimulator
		AppStore|Any CPU = AppStore|Any CPU
		AppStore|iPhone = AppStore|iPhone
		AppStore|iPhoneSimulator = AppStore|iPhoneSimulator
		Debug|Any CPU = Debug|Any CPU
		Debug|iPhone = Debug|iPhone
		Debug|iPhoneSimulator = Debug|iPhoneSimulator
		Release|Any CPU = Release|Any CPU
		Release|iPhone = Release|iPhone
		Release|iPhoneSimulator = Release|iPhoneSimulator
	EndGlobalSection
	GlobalSection(ProjectConfigurationPlatforms) = postSolution
		{4C4C2DD8-4247-4ABD-91E4-47E276F46303}.Ad-Hoc|Any CPU.ActiveCfg = Release|Any CPU
		{4C4C2DD8-4247-4ABD-91E4-47E276F46303}.Ad-Hoc|Any CPU.Build.0 = Release|Any CPU
		{4C4C2DD8-4247-4ABD-91E4-47E276F46303}.Ad-Hoc|Any CPU.Deploy.0 = Release|Any CPU
		{4C4C2DD8-4247-4ABD-91E4-47E276F46303}.Ad-Hoc|iPhone.ActiveCfg = Release|Any CPU
		{4C4C2DD8-4247-4ABD-91E4-47E276F46303}.Ad-Hoc|iPhone.Build.0 = Release|Any CPU
		{4C4C2DD8-4247-4ABD-91E4-47E276F46303}.Ad-Hoc|iPhone.Deploy.0 = Release|Any CPU
		{4C4C2DD8-4247-4ABD-91E4-47E276F46303}.Ad-Hoc|iPhoneSimulator.ActiveCfg = Release|Any CPU
		{4C4C2DD8-4247-4ABD-91E4-47E276F46303}.Ad-Hoc|iPhoneSimulator.Build.0 = Release|Any CPU
		{4C4C2DD8-4247-4ABD-91E4-47E276F46303}.Ad-Hoc|iPhoneSimulator.Deploy.0 = Release|Any CPU
		{4C4C2DD8-4247-4ABD-91E4-47E276F46303}.AppStore|Any CPU.ActiveCfg = Release|Any CPU
		{4C4C2DD8-4247-4ABD-91E4-47E276F46303}.AppStore|Any CPU.Build.0 = Release|Any CPU
		{4C4C2DD8-4247-4ABD-91E4-47E276F46303}.AppStore|Any CPU.Deploy.0 = Release|Any CPU
		{4C4C2DD8-4247-4ABD-91E4-47E276F46303}.AppStore|iPhone.ActiveCfg = Release|Any CPU
		{4C4C2DD8-4247-4ABD-91E4-47E276F46303}.AppStore|iPhone.Build.0 = Release|Any CPU
		{4C4C2DD8-4247-4ABD-91E4-47E276F46303}.AppStore|iPhone.Deploy.0 = Release|Any CPU
		{4C4C2DD8-4247-4ABD-91E4-47E276F46303}.AppStore|iPhoneSimulator.ActiveCfg = Release|Any CPU
		{4C4C2DD8-4247-4ABD-91E4-47E276F46303}.AppStore|iPhoneSimulator.Build.0 = Release|Any CPU
		{4C4C2DD8-4247-4ABD-91E4-47E276F46303}.AppStore|iPhoneSimulator.Deploy.0 = Release|Any CPU
		{4C4C2DD8-4247-4ABD-91E4-47E276F46303}.Debug|Any CPU.ActiveCfg = Debug|Any CPU
		{4C4C2DD8-4247-4ABD-91E4-47E276F46303}.Debug|Any CPU.Build.0 = Debug|Any CPU
		{4C4C2DD8-4247-4ABD-91E4-47E276F46303}.Debug|Any CPU.Deploy.0 = Debug|Any CPU
		{4C4C2DD8-4247-4ABD-91E4-47E276F46303}.Debug|iPhone.ActiveCfg = Debug|Any CPU
		{4C4C2DD8-4247-4ABD-91E4-47E276F46303}.Debug|iPhone.Build.0 = Debug|Any CPU
		{4C4C2DD8-4247-4ABD-91E4-47E276F46303}.Debug|iPhone.Deploy.0 = Debug|Any CPU
		{4C4C2DD8-4247-4ABD-91E4-47E276F46303}.Debug|iPhoneSimulator.ActiveCfg = Debug|Any CPU
		{4C4C2DD8-4247-4ABD-91E4-47E276F46303}.Debug|iPhoneSimulator.Build.0 = Debug|Any CPU
		{4C4C2DD8-4247-4ABD-91E4-47E276F46303}.Debug|iPhoneSimulator.Deploy.0 = Debug|Any CPU
		{4C4C2DD8-4247-4ABD-91E4-47E276F46303}.Release|Any CPU.ActiveCfg = Release|Any CPU
		{4C4C2DD8-4247-4ABD-91E4-47E276F46303}.Release|Any CPU.Build.0 = Release|Any CPU
		{4C4C2DD8-4247-4ABD-91E4-47E276F46303}.Release|Any CPU.Deploy.0 = Release|Any CPU
		{4C4C2DD8-4247-4ABD-91E4-47E276F46303}.Release|iPhone.ActiveCfg = Release|Any CPU
		{4C4C2DD8-4247-4ABD-91E4-47E276F46303}.Release|iPhone.Build.0 = Release|Any CPU
		{4C4C2DD8-4247-4ABD-91E4-47E276F46303}.Release|iPhone.Deploy.0 = Release|Any CPU
		{4C4C2DD8-4247-4ABD-91E4-47E276F46303}.Release|iPhoneSimulator.ActiveCfg = Release|Any CPU
		{4C4C2DD8-4247-4ABD-91E4-47E276F46303}.Release|iPhoneSimulator.Build.0 = Release|Any CPU
		{4C4C2DD8-4247-4ABD-91E4-47E276F46303}.Release|iPhoneSimulator.Deploy.0 = Release|Any CPU
		{79AACF8E-8F08-484B-A72F-B7B9F897434D}.Ad-Hoc|Any CPU.ActiveCfg = Ad-Hoc|iPhone
		{79AACF8E-8F08-484B-A72F-B7B9F897434D}.Ad-Hoc|Any CPU.Build.0 = Ad-Hoc|iPhone
		{79AACF8E-8F08-484B-A72F-B7B9F897434D}.Ad-Hoc|Any CPU.Deploy.0 = Ad-Hoc|iPhone
		{79AACF8E-8F08-484B-A72F-B7B9F897434D}.Ad-Hoc|iPhone.ActiveCfg = Ad-Hoc|iPhone
		{79AACF8E-8F08-484B-A72F-B7B9F897434D}.Ad-Hoc|iPhone.Build.0 = Ad-Hoc|iPhone
		{79AACF8E-8F08-484B-A72F-B7B9F897434D}.Ad-Hoc|iPhone.Deploy.0 = Ad-Hoc|iPhone
		{79AACF8E-8F08-484B-A72F-B7B9F897434D}.Ad-Hoc|iPhoneSimulator.ActiveCfg = Ad-Hoc|iPhoneSimulator
		{79AACF8E-8F08-484B-A72F-B7B9F897434D}.Ad-Hoc|iPhoneSimulator.Build.0 = Ad-Hoc|iPhoneSimulator
		{79AACF8E-8F08-484B-A72F-B7B9F897434D}.Ad-Hoc|iPhoneSimulator.Deploy.0 = Ad-Hoc|iPhoneSimulator
		{79AACF8E-8F08-484B-A72F-B7B9F897434D}.AppStore|Any CPU.ActiveCfg = AppStore|iPhone
		{79AACF8E-8F08-484B-A72F-B7B9F897434D}.AppStore|Any CPU.Build.0 = AppStore|iPhone
		{79AACF8E-8F08-484B-A72F-B7B9F897434D}.AppStore|Any CPU.Deploy.0 = AppStore|iPhone
		{79AACF8E-8F08-484B-A72F-B7B9F897434D}.AppStore|iPhone.ActiveCfg = AppStore|iPhone
		{79AACF8E-8F08-484B-A72F-B7B9F897434D}.AppStore|iPhone.Build.0 = AppStore|iPhone
		{79AACF8E-8F08-484B-A72F-B7B9F897434D}.AppStore|iPhone.Deploy.0 = AppStore|iPhone
		{79AACF8E-8F08-484B-A72F-B7B9F897434D}.AppStore|iPhoneSimulator.ActiveCfg = AppStore|iPhoneSimulator
		{79AACF8E-8F08-484B-A72F-B7B9F897434D}.AppStore|iPhoneSimulator.Build.0 = AppStore|iPhoneSimulator
		{79AACF8E-8F08-484B-A72F-B7B9F897434D}.AppStore|iPhoneSimulator.Deploy.0 = AppStore|iPhoneSimulator
		{79AACF8E-8F08-484B-A72F-B7B9F897434D}.Debug|Any CPU.ActiveCfg = Debug|iPhoneSimulator
		{79AACF8E-8F08-484B-A72F-B7B9F897434D}.Debug|Any CPU.Build.0 = Debug|iPhoneSimulator
		{79AACF8E-8F08-484B-A72F-B7B9F897434D}.Debug|Any CPU.Deploy.0 = Debug|iPhoneSimulator
		{79AACF8E-8F08-484B-A72F-B7B9F897434D}.Debug|iPhone.ActiveCfg = Debug|iPhone
		{79AACF8E-8F08-484B-A72F-B7B9F897434D}.Debug|iPhone.Build.0 = Debug|iPhone
		{79AACF8E-8F08-484B-A72F-B7B9F897434D}.Debug|iPhone.Deploy.0 = Debug|iPhone
		{79AACF8E-8F08-484B-A72F-B7B9F897434D}.Debug|iPhoneSimulator.ActiveCfg = Debug|iPhoneSimulator
		{79AACF8E-8F08-484B-A72F-B7B9F897434D}.Debug|iPhoneSimulator.Build.0 = Debug|iPhoneSimulator
		{79AACF8E-8F08-484B-A72F-B7B9F897434D}.Debug|iPhoneSimulator.Deploy.0 = Debug|iPhoneSimulator
		{79AACF8E-8F08-484B-A72F-B7B9F897434D}.Release|Any CPU.ActiveCfg = Release|iPhone
		{79AACF8E-8F08-484B-A72F-B7B9F897434D}.Release|Any CPU.Build.0 = Release|iPhone
		{79AACF8E-8F08-484B-A72F-B7B9F897434D}.Release|Any CPU.Deploy.0 = Release|iPhone
		{79AACF8E-8F08-484B-A72F-B7B9F897434D}.Release|iPhone.ActiveCfg = Release|iPhone
		{79AACF8E-8F08-484B-A72F-B7B9F897434D}.Release|iPhone.Build.0 = Release|iPhone
		{79AACF8E-8F08-484B-A72F-B7B9F897434D}.Release|iPhone.Deploy.0 = Release|iPhone
		{79AACF8E-8F08-484B-A72F-B7B9F897434D}.Release|iPhoneSimulator.ActiveCfg = Release|iPhoneSimulator
		{79AACF8E-8F08-484B-A72F-B7B9F897434D}.Release|iPhoneSimulator.Build.0 = Release|iPhoneSimulator
		{79AACF8E-8F08-484B-A72F-B7B9F897434D}.Release|iPhoneSimulator.Deploy.0 = Release|iPhoneSimulator
		{79BF6C3D-A279-4297-9AF7-998750229A6E}.Ad-Hoc|Any CPU.ActiveCfg = Debug|Any CPU
		{79BF6C3D-A279-4297-9AF7-998750229A6E}.Ad-Hoc|Any CPU.Build.0 = Debug|Any CPU
		{79BF6C3D-A279-4297-9AF7-998750229A6E}.Ad-Hoc|Any CPU.Deploy.0 = Debug|Any CPU
		{79BF6C3D-A279-4297-9AF7-998750229A6E}.Ad-Hoc|iPhone.ActiveCfg = Debug|Any CPU
		{79BF6C3D-A279-4297-9AF7-998750229A6E}.Ad-Hoc|iPhone.Build.0 = Debug|Any CPU
		{79BF6C3D-A279-4297-9AF7-998750229A6E}.Ad-Hoc|iPhone.Deploy.0 = Debug|Any CPU
		{79BF6C3D-A279-4297-9AF7-998750229A6E}.Ad-Hoc|iPhoneSimulator.ActiveCfg = Debug|Any CPU
		{79BF6C3D-A279-4297-9AF7-998750229A6E}.Ad-Hoc|iPhoneSimulator.Build.0 = Debug|Any CPU
		{79BF6C3D-A279-4297-9AF7-998750229A6E}.Ad-Hoc|iPhoneSimulator.Deploy.0 = Debug|Any CPU
		{79BF6C3D-A279-4297-9AF7-998750229A6E}.AppStore|Any CPU.ActiveCfg = Debug|Any CPU
		{79BF6C3D-A279-4297-9AF7-998750229A6E}.AppStore|Any CPU.Build.0 = Debug|Any CPU
		{79BF6C3D-A279-4297-9AF7-998750229A6E}.AppStore|Any CPU.Deploy.0 = Debug|Any CPU
		{79BF6C3D-A279-4297-9AF7-998750229A6E}.AppStore|iPhone.ActiveCfg = Debug|Any CPU
		{79BF6C3D-A279-4297-9AF7-998750229A6E}.AppStore|iPhone.Build.0 = Debug|Any CPU
		{79BF6C3D-A279-4297-9AF7-998750229A6E}.AppStore|iPhone.Deploy.0 = Debug|Any CPU
		{79BF6C3D-A279-4297-9AF7-998750229A6E}.AppStore|iPhoneSimulator.ActiveCfg = Debug|Any CPU
		{79BF6C3D-A279-4297-9AF7-998750229A6E}.AppStore|iPhoneSimulator.Build.0 = Debug|Any CPU
		{79BF6C3D-A279-4297-9AF7-998750229A6E}.AppStore|iPhoneSimulator.Deploy.0 = Debug|Any CPU
		{79BF6C3D-A279-4297-9AF7-998750229A6E}.Debug|Any CPU.ActiveCfg = Debug|Any CPU
		{79BF6C3D-A279-4297-9AF7-998750229A6E}.Debug|Any CPU.Build.0 = Debug|Any CPU
		{79BF6C3D-A279-4297-9AF7-998750229A6E}.Debug|Any CPU.Deploy.0 = Debug|Any CPU
		{79BF6C3D-A279-4297-9AF7-998750229A6E}.Debug|iPhone.ActiveCfg = Debug|Any CPU
		{79BF6C3D-A279-4297-9AF7-998750229A6E}.Debug|iPhone.Build.0 = Debug|Any CPU
		{79BF6C3D-A279-4297-9AF7-998750229A6E}.Debug|iPhone.Deploy.0 = Debug|Any CPU
		{79BF6C3D-A279-4297-9AF7-998750229A6E}.Debug|iPhoneSimulator.ActiveCfg = Debug|Any CPU
		{79BF6C3D-A279-4297-9AF7-998750229A6E}.Debug|iPhoneSimulator.Build.0 = Debug|Any CPU
		{79BF6C3D-A279-4297-9AF7-998750229A6E}.Debug|iPhoneSimulator.Deploy.0 = Debug|Any CPU
		{79BF6C3D-A279-4297-9AF7-998750229A6E}.Release|Any CPU.ActiveCfg = Release|Any CPU
		{79BF6C3D-A279-4297-9AF7-998750229A6E}.Release|Any CPU.Build.0 = Release|Any CPU
		{79BF6C3D-A279-4297-9AF7-998750229A6E}.Release|Any CPU.Deploy.0 = Release|Any CPU
		{79BF6C3D-A279-4297-9AF7-998750229A6E}.Release|iPhone.ActiveCfg = Release|Any CPU
		{79BF6C3D-A279-4297-9AF7-998750229A6E}.Release|iPhone.Build.0 = Release|Any CPU
		{79BF6C3D-A279-4297-9AF7-998750229A6E}.Release|iPhone.Deploy.0 = Release|Any CPU
		{79BF6C3D-A279-4297-9AF7-998750229A6E}.Release|iPhoneSimulator.ActiveCfg = Release|Any CPU
		{79BF6C3D-A279-4297-9AF7-998750229A6E}.Release|iPhoneSimulator.Build.0 = Release|Any CPU
		{79BF6C3D-A279-4297-9AF7-998750229A6E}.Release|iPhoneSimulator.Deploy.0 = Release|Any CPU
		{6333DFD5-C3FA-47B7-9557-C37B418458EF}.Ad-Hoc|Any CPU.ActiveCfg = Release|Any CPU
		{6333DFD5-C3FA-47B7-9557-C37B418458EF}.Ad-Hoc|Any CPU.Build.0 = Release|Any CPU
		{6333DFD5-C3FA-47B7-9557-C37B418458EF}.Ad-Hoc|iPhone.ActiveCfg = Release|Any CPU
		{6333DFD5-C3FA-47B7-9557-C37B418458EF}.Ad-Hoc|iPhone.Build.0 = Release|Any CPU
		{6333DFD5-C3FA-47B7-9557-C37B418458EF}.Ad-Hoc|iPhoneSimulator.ActiveCfg = Release|Any CPU
		{6333DFD5-C3FA-47B7-9557-C37B418458EF}.Ad-Hoc|iPhoneSimulator.Build.0 = Release|Any CPU
		{6333DFD5-C3FA-47B7-9557-C37B418458EF}.AppStore|Any CPU.ActiveCfg = Release|Any CPU
		{6333DFD5-C3FA-47B7-9557-C37B418458EF}.AppStore|Any CPU.Build.0 = Release|Any CPU
		{6333DFD5-C3FA-47B7-9557-C37B418458EF}.AppStore|iPhone.ActiveCfg = Release|Any CPU
		{6333DFD5-C3FA-47B7-9557-C37B418458EF}.AppStore|iPhone.Build.0 = Release|Any CPU
		{6333DFD5-C3FA-47B7-9557-C37B418458EF}.AppStore|iPhoneSimulator.ActiveCfg = Release|Any CPU
		{6333DFD5-C3FA-47B7-9557-C37B418458EF}.AppStore|iPhoneSimulator.Build.0 = Release|Any CPU
		{6333DFD5-C3FA-47B7-9557-C37B418458EF}.Debug|Any CPU.ActiveCfg = Debug|Any CPU
		{6333DFD5-C3FA-47B7-9557-C37B418458EF}.Debug|Any CPU.Build.0 = Debug|Any CPU
		{6333DFD5-C3FA-47B7-9557-C37B418458EF}.Debug|iPhone.ActiveCfg = Debug|Any CPU
		{6333DFD5-C3FA-47B7-9557-C37B418458EF}.Debug|iPhone.Build.0 = Debug|Any CPU
		{6333DFD5-C3FA-47B7-9557-C37B418458EF}.Debug|iPhoneSimulator.ActiveCfg = Debug|Any CPU
		{6333DFD5-C3FA-47B7-9557-C37B418458EF}.Debug|iPhoneSimulator.Build.0 = Debug|Any CPU
		{6333DFD5-C3FA-47B7-9557-C37B418458EF}.Release|Any CPU.ActiveCfg = Release|Any CPU
		{6333DFD5-C3FA-47B7-9557-C37B418458EF}.Release|Any CPU.Build.0 = Release|Any CPU
		{6333DFD5-C3FA-47B7-9557-C37B418458EF}.Release|iPhone.ActiveCfg = Release|Any CPU
		{6333DFD5-C3FA-47B7-9557-C37B418458EF}.Release|iPhone.Build.0 = Release|Any CPU
		{6333DFD5-C3FA-47B7-9557-C37B418458EF}.Release|iPhoneSimulator.ActiveCfg = Release|Any CPU
		{6333DFD5-C3FA-47B7-9557-C37B418458EF}.Release|iPhoneSimulator.Build.0 = Release|Any CPU
	EndGlobalSection
	GlobalSection(SolutionProperties) = preSolution
		HideSolutionNode = FALSE
	EndGlobalSection
	GlobalSection(ExtensibilityGlobals) = postSolution
		SolutionGuid = {43F1488A-D6C8-4D98-841A-B4F8BC9C5B53}
	EndGlobalSection
EndGlobal
